
Microsoft Visual Studio Solution File, Format Version 12.00
# Visual Studio 2013
VisualStudioVersion = 12.0.21005.1
MinimumVisualStudioVersion = 10.0.40219.1
Project("{FAE04EC0-301F-11D3-BF4B-00C04F79EFBC}") = "UCAOrderManager", "UCAOrderManager\UCAOrderManager.csproj", "{E80DC813-9BFE-47BD-AC2D-EC7E39AFB503}"
EndProject
Project("{2150E333-8FDC-42A3-9474-1A3956D46DE8}") = ".nuget", ".nuget", "{23AA1407-3D6B-4506-9CB8-F51D1F892DE3}"
	ProjectSection(SolutionItems) = preProject
		.nuget\NuGet.Config = .nuget\NuGet.Config
		.nuget\NuGet.exe = .nuget\NuGet.exe
		.nuget\NuGet.targets = .nuget\NuGet.targets
	EndProjectSection
EndProject
Project("{FAE04EC0-301F-11D3-BF4B-00C04F79EFBC}") = "UCAReports", "UCAReports\UCAReports.csproj", "{11C0360A-40AA-4C91-A6B4-FC6CE919C163}"
EndProject
Global
	GlobalSection(SolutionConfigurationPlatforms) = preSolution
		Debug|Any CPU = Debug|Any CPU
		Release|Any CPU = Release|Any CPU
	EndGlobalSection
	GlobalSection(ProjectConfigurationPlatforms) = postSolution
		{E80DC813-9BFE-47BD-AC2D-EC7E39AFB503}.Debug|Any CPU.ActiveCfg = Debug|Any CPU
		{E80DC813-9BFE-47BD-AC2D-EC7E39AFB503}.Debug|Any CPU.Build.0 = Debug|Any CPU
		{E80DC813-9BFE-47BD-AC2D-EC7E39AFB503}.Release|Any CPU.ActiveCfg = Release|Any CPU
		{E80DC813-9BFE-47BD-AC2D-EC7E39AFB503}.Release|Any CPU.Build.0 = Release|Any CPU
		{11C0360A-40AA-4C91-A6B4-FC6CE919C163}.Debug|Any CPU.ActiveCfg = Debug|Any CPU
		{11C0360A-40AA-4C91-A6B4-FC6CE919C163}.Debug|Any CPU.Build.0 = Debug|Any CPU
		{11C0360A-40AA-4C91-A6B4-FC6CE919C163}.Release|Any CPU.ActiveCfg = Release|Any CPU
		{11C0360A-40AA-4C91-A6B4-FC6CE919C163}.Release|Any CPU.Build.0 = Release|Any CPU
	EndGlobalSection
	GlobalSection(SolutionProperties) = preSolution
		HideSolutionNode = FALSE
	EndGlobalSection
EndGlobal
